<?xml version="1.0" encoding="utf-8"?>
<Project ToolsVersion="4.0" xmlns="http://schemas.microsoft.com/developer/msbuild/2003">
  <ItemGroup>
    <Filter Include="Source Files">
      <UniqueIdentifier>{4FC737F1-C7A5-4376-A066-2A32D752A2FF}</UniqueIdentifier>
      <Extensions>cpp;c;cc;cxx;c++;def;odl;idl;hpj;bat;asm;asmx</Extensions>
    </Filter>
    <Filter Include="Header Files">
      <UniqueIdentifier>{93995380-89BD-4b04-88EB-625FBE52EBFB}</UniqueIdentifier>
      <Extensions>h;hh;hpp;hxx;h++;hm;inl;inc;ipp;xsd</Extensions>
    </Filter>
    <Filter Include="Resource Files">
      <UniqueIdentifier>{67DA6AB6-F800-4c08-8B7A-83BB121AAD01}</UniqueIdentifier>
      <Extensions>rc;ico;cur;bmp;dlg;rc2;rct;bin;rgs;gif;jpg;jpeg;jpe;resx;tiff;tif;png;wav;mfcribbon-ms</Extensions>
    </Filter>
    <Filter Include="Source Files\assets">
      <UniqueIdentifier>{0f33b8ef-18f1-4b8f-9588-3df83e343910}</UniqueIdentifier>
    </Filter>
    <Filter Include="Source Files\assets\textures">
      <UniqueIdentifier>{2bf35244-7a66-4a88-8ece-0ab1151fa8b6}</UniqueIdentifier>
    </Filter>
    <Filter Include="Source Files\assets\audio">
      <UniqueIdentifier>{c30dbc4e-c642-4855-aebd-b61b3317220a}</UniqueIdentifier>
    </Filter>
    <Filter Include="Source Files\assets\textures\NewFilter1">
      <UniqueIdentifier>{3daec945-3a4e-4d8b-9ca1-a0dd642eb56a}</UniqueIdentifier>
    </Filter>
    <Filter Include="Source Files\system">
      <UniqueIdentifier>{be94ecd5-7bb0-410c-aa47-16e6edd4d16e}</UniqueIdentifier>
    </Filter>
    <Filter Include="Source Files\Entities">
      <UniqueIdentifier>{780a80f5-8a3d-4826-aa82-42176c595c83}</UniqueIdentifier>
    </Filter>
    <Filter Include="Source Files\Entities\classDefinitions">
      <UniqueIdentifier>{fb3c7cd9-c99d-4956-9652-ff34fb0d34b4}</UniqueIdentifier>
    </Filter>
    <Filter Include="Source Files\Entities\mechanics">
      <UniqueIdentifier>{ebb13d9f-156d-4873-bcf8-f90282956881}</UniqueIdentifier>
    </Filter>
    <Filter Include="Source Files\assets\backgroundTilemaps">
      <UniqueIdentifier>{7dae0849-8bbd-435c-9c58-9409adc000b8}</UniqueIdentifier>
    </Filter>
  </ItemGroup>
  <ItemGroup>
    <ClCompile Include="Source.cpp">
      <Filter>Source Files</Filter>
    </ClCompile>
  </ItemGroup>
  <ItemGroup>
    <ClInclude Include="classes.h">
      <Filter>Source Files</Filter>
    </ClInclude>
    <ClInclude Include="sysInfo.h">
      <Filter>Source Files\system</Filter>
    </ClInclude>
    <ClInclude Include="entity.h">
      <Filter>Source Files\Entities\classDefinitions</Filter>
    </ClInclude>
    <ClInclude Include="player.h">
      <Filter>Source Files\Entities\classDefinitions</Filter>
    </ClInclude>
    <ClInclude Include="npc.h">
      <Filter>Source Files\Entities\classDefinitions</Filter>
    </ClInclude>
    <ClInclude Include="item.h">
      <Filter>Source Files\Entities\classDefinitions</Filter>
    </ClInclude>
    <ClInclude Include="inventory.h">
      <Filter>Source Files\Entities\classDefinitions</Filter>
    </ClInclude>
    <ClInclude Include="border.h">
      <Filter>Source Files\Entities\classDefinitions</Filter>
    </ClInclude>
    <ClInclude Include="portal.h">
      <Filter>Source Files\Entities\classDefinitions</Filter>
    </ClInclude>
    <ClInclude Include="fadePortal.h">
      <Filter>Source Files\Entities\classDefinitions</Filter>
    </ClInclude>
    <ClInclude Include="npcCollision.h">
      <Filter>Source Files\Entities\mechanics</Filter>
    </ClInclude>
    <ClInclude Include="detectionRect.h">
      <Filter>Source Files\Entities\mechanics</Filter>
    </ClInclude>
    <ClInclude Include="firstFloor.h">
      <Filter>Source Files\assets\backgroundTilemaps</Filter>
    </ClInclude>
    <ClInclude Include="body.h">
      <Filter>Source Files</Filter>
    </ClInclude>
    <ClInclude Include="bodymanager.h">
      <Filter>Source Files</Filter>
    </ClInclude>
    <ClInclude Include="trajectory.h">
      <Filter>Source Files</Filter>
    </ClInclude>
  </ItemGroup>
</Project>